{
  "name": "com.tado",
  "version": "1.0.0",
  "lockfileVersion": 1,
  "requires": true,
  "dependencies": {
    "homey-oauth2app": {
      "version": "1.3.0",
      "resolved": "https://registry.npmjs.org/homey-oauth2app/-/homey-oauth2app-1.3.0.tgz",
      "integrity": "sha512-H6vcbkW1fmY1FYv67spO58ggNXZo25qgZubQy+ciepauO7f2X3qDknmtCxYEEoY1BrLRCxdIXZiydbgaPx3jLg==",
      "requires": {
        "node-fetch": "^2.3.0",
        "promise-queue": "^2.2.5"
      }
    },
    "node-fetch": {
      "version": "2.6.0",
      "resolved": "https://registry.npmjs.org/node-fetch/-/node-fetch-2.6.0.tgz",
      "integrity": "sha512-8dG4H5ujfvFiqDmVu9fQ5bOHUC15JMjMY/Zumv26oOvvVJjM67KF8koCWIabKQ1GJIa9r2mMZscBq/TbdOcmNA=="
    },
    "promise-queue": {
      "version": "2.2.5",
      "resolved": "https://registry.npmjs.org/promise-queue/-/promise-queue-2.2.5.tgz",
      "integrity": "sha1-L29ffA9tCBCelnZZx5uIqe1ek7Q="
    }
  }
}
